// !$*UTF8*$!
{
	archiveVersion = 1;
	classes = {
	};
	objectVersion = 50;
	objects = {

/* Begin PBXBuildFile section */
		039813E5266048B100C0E1A0 /* FRUKTSApp.swift in Sources */ = {isa = PBXBuildFile; fileRef = 039813E4266048B100C0E1A0 /* FRUKTSApp.swift */; };
		039813E7266048B100C0E1A0 /* ContentView.swift in Sources */ = {isa = PBXBuildFile; fileRef = 039813E6266048B100C0E1A0 /* ContentView.swift */; };
		039813E9266048B300C0E1A0 /* Assets.xcassets in Resources */ = {isa = PBXBuildFile; fileRef = 039813E8266048B300C0E1A0 /* Assets.xcassets */; };
		039813EC266048B300C0E1A0 /* Preview Assets.xcassets in Resources */ = {isa = PBXBuildFile; fileRef = 039813EB266048B300C0E1A0 /* Preview Assets.xcassets */; };
		039813F7266048B300C0E1A0 /* FRUKTSTests.swift in Sources */ = {isa = PBXBuildFile; fileRef = 039813F6266048B300C0E1A0 /* FRUKTSTests.swift */; };
		03981402266048B300C0E1A0 /* FRUKTSUITests.swift in Sources */ = {isa = PBXBuildFile; fileRef = 03981401266048B300C0E1A0 /* FRUKTSUITests.swift */; };
/* End PBXBuildFile section */

/* Begin PBXContainerItemProxy section */
		039813F3266048B300C0E1A0 /* PBXContainerItemProxy */ = {
			isa = PBXContainerItemProxy;
			containerPortal = 039813D9266048B100C0E1A0 /* Project object */;
			proxyType = 1;
			remoteGlobalIDString = 039813E0266048B100C0E1A0;
			remoteInfo = FRUKTS;
		};
		039813FE266048B300C0E1A0 /* PBXContainerItemProxy */ = {
			isa = PBXContainerItemProxy;
			containerPortal = 039813D9266048B100C0E1A0 /* Project object */;
			proxyType = 1;
			remoteGlobalIDString = 039813E0266048B100C0E1A0;
			remoteInfo = FRUKTS;
		};
/* End PBXContainerItemProxy section */

/* Begin PBXFileReference section */
		039813E1266048B100C0E1A0 /* FRUKTS.app */ = {isa = PBXFileReference; explicitFileType = wrapper.application; includeInIndex = 0; path = FRUKTS.app; sourceTree = BUILT_PRODUCTS_DIR; };
		039813E4266048B100C0E1A0 /* FRUKTSApp.swift */ = {isa = PBXFileReference; lastKnownFileType = sourcecode.swift; path = FRUKTSApp.swift; sourceTree = "<group>"; };
		039813E6266048B100C0E1A0 /* ContentView.swift */ = {isa = PBXFileReference; lastKnownFileType = sourcecode.swift; path = ContentView.swift; sourceTree = "<group>"; };
		039813E8266048B300C0E1A0 /* Assets.xcassets */ = {isa = PBXFileReference; lastKnownFileType = folder.assetcatalog; path = Assets.xcassets; sourceTree = "<group>"; };
		039813EB266048B300C0E1A0 /* Preview Assets.xcassets */ = {isa = PBXFileReference; lastKnownFileType = folder.assetcatalog; path = "Preview Assets.xcassets"; sourceTree = "<group>"; };
		039813ED266048B300C0E1A0 /* Info.plist */ = {isa = PBXFileReference; lastKnownFileType = text.plist.xml; path = Info.plist; sourceTree = "<group>"; };
		039813F2266048B300C0E1A0 /* FRUKTSTests.xctest */ = {isa = PBXFileReference; explicitFileType = wrapper.cfbundle; includeInIndex = 0; path = FRUKTSTests.xctest; sourceTree = BUILT_PRODUCTS_DIR; };
		039813F6266048B300C0E1A0 /* FRUKTSTests.swift */ = {isa = PBXFileReference; lastKnownFileType = sourcecode.swift; path = FRUKTSTests.swift; sourceTree = "<group>"; };
		039813F8266048B300C0E1A0 /* Info.plist */ = {isa = PBXFileReference; lastKnownFileType = text.plist.xml; path = Info.plist; sourceTree = "<group>"; };
		039813FD266048B300C0E1A0 /* FRUKTSUITests.xctest */ = {isa = PBXFileReference; explicitFileType = wrapper.cfbundle; includeInIndex = 0; path = FRUKTSUITests.xctest; sourceTree = BUILT_PRODUCTS_DIR; };
		03981401266048B300C0E1A0 /* FRUKTSUITests.swift */ = {isa = PBXFileReference; lastKnownFileType = sourcecode.swift; path = FRUKTSUITests.swift; sourceTree = "<group>"; };
		03981403266048B300C0E1A0 /* Info.plist */ = {isa = PBXFileReference; lastKnownFileType = text.plist.xml; path = Info.plist; sourceTree = "<group>"; };
/* End PBXFileReference section */

/* Begin PBXFrameworksBuildPhase section */
		039813DE266048B100C0E1A0 /* Frameworks */ = {
			isa = PBXFrameworksBuildPhase;
			buildActionMask = 2147483647;
			files = (
			);
			runOnlyForDeploymentPostprocessing = 0;
		};
		039813EF266048B300C0E1A0 /* Frameworks */ = {
			isa = PBXFrameworksBuildPhase;
			buildActionMask = 2147483647;
			files = (
			);
			runOnlyForDeploymentPostprocessing = 0;
		};
		039813FA266048B300C0E1A0 /* Frameworks */ = {
			isa = PBXFrameworksBuildPhase;
			buildActionMask = 2147483647;
			files = (
			);
			runOnlyForDeploymentPostprocessing = 0;
		};
/* End PBXFrameworksBuildPhase section */

/* Begin PBXGroup section */
		039813D8266048B100C0E1A0 = {
			isa = PBXGroup;
			children = (
				039813E3266048B100C0E1A0 /* FRUKTS */,
				039813F5266048B300C0E1A0 /* FRUKTSTests */,
				03981400266048B300C0E1A0 /* FRUKTSUITests */,
				039813E2266048B100C0E1A0 /* Products */,
			);
			sourceTree = "<group>";
		};
		039813E2266048B100C0E1A0 /* Products */ = {
			isa = PBXGroup;
			children = (
				039813E1266048B100C0E1A0 /* FRUKTS.app */,
				039813F2266048B300C0E1A0 /* FRUKTSTests.xctest */,
				039813FD266048B300C0E1A0 /* FRUKTSUITests.xctest */,
			);
			name = Products;
			sourceTree = "<group>";
		};
		039813E3266048B100C0E1A0 /* FRUKTS */ = {
			isa = PBXGroup;
			children = (
				039813E4266048B100C0E1A0 /* FRUKTSApp.swift */,
				039813E6266048B100C0E1A0 /* ContentView.swift */,
				039813E8266048B300C0E1A0 /* Assets.xcassets */,
				039813ED266048B300C0E1A0 /* Info.plist */,
				039813EA266048B300C0E1A0 /* Preview Content */,
			);
			path = FRUKTS;
			sourceTree = "<group>";
		};
		039813EA266048B300C0E1A0 /* Preview Content */ = {
			isa = PBXGroup;
			children = (
				039813EB266048B300C0E1A0 /* Preview Assets.xcassets */,
			);
			path = "Preview Content";
			sourceTree = "<group>";
		};
		039813F5266048B300C0E1A0 /* FRUKTSTests */ = {
			isa = PBXGroup;
			children = (
				039813F6266048B300C0E1A0 /* FRUKTSTests.swift */,
				039813F8266048B300C0E1A0 /* Info.plist */,
			);
			path = FRUKTSTests;
			sourceTree = "<group>";
		};
		03981400266048B300C0E1A0 /* FRUKTSUITests */ = {
			isa = PBXGroup;
			children = (
				03981401266048B300C0E1A0 /* FRUKTSUITests.swift */,
				03981403266048B300C0E1A0 /* Info.plist */,
			);
			path = FRUKTSUITests;
			sourceTree = "<group>";
		};
/* End PBXGroup section */

/* Begin PBXNativeTarget section */
		039813E0266048B100C0E1A0 /* FRUKTS */ = {
			isa = PBXNativeTarget;
			buildConfigurationList = 03981406266048B300C0E1A0 /* Build configuration list for PBXNativeTarget "FRUKTS" */;
			buildPhases = (
				039813DD266048B100C0E1A0 /* Sources */,
				039813DE266048B100C0E1A0 /* Frameworks */,
				039813DF266048B100C0E1A0 /* Resources */,
			);
			buildRules = (
			);
			dependencies = (
			);
			name = FRUKTS;
			productName = FRUKTS;
			productReference = 039813E1266048B100C0E1A0 /* FRUKTS.app */;
			productType = "com.apple.product-type.application";
		};
		039813F1266048B300C0E1A0 /* FRUKTSTests */ = {
			isa = PBXNativeTarget;
			buildConfigurationList = 03981409266048B300C0E1A0 /* Build configuration list for PBXNativeTarget "FRUKTSTests" */;
			buildPhases = (
				039813EE266048B300C0E1A0 /* Sources */,
				039813EF266048B300C0E1A0 /* Frameworks */,
				039813F0266048B300C0E1A0 /* Resources */,
			);
			buildRules = (
			);
			dependencies = (
				039813F4266048B300C0E1A0 /* PBXTargetDependency */,
			);
			name = FRUKTSTests;
			productName = FRUKTSTests;
			productReference = 039813F2266048B300C0E1A0 /* FRUKTSTests.xctest */;
			productType = "com.apple.product-type.bundle.unit-test";
		};
		039813FC266048B300C0E1A0 /* FRUKTSUITests */ = {
			isa = PBXNativeTarget;
			buildConfigurationList = 0398140C266048B300C0E1A0 /* Build configuration list for PBXNativeTarget "FRUKTSUITests" */;
			buildPhases = (
				039813F9266048B300C0E1A0 /* Sources */,
				039813FA266048B300C0E1A0 /* Frameworks */,
				039813FB266048B300C0E1A0 /* Resources */,
			);
			buildRules = (
			);
			dependencies = (
				039813FF266048B300C0E1A0 /* PBXTargetDependency */,
			);
			name = FRUKTSUITests;
			productName = FRUKTSUITests;
			productReference = 039813FD266048B300C0E1A0 /* FRUKTSUITests.xctest */;
			productType = "com.apple.product-type.bundle.ui-testing";
		};
/* End PBXNativeTarget section */

/* Begin PBXProject section */
		039813D9266048B100C0E1A0 /* Project object */ = {
			isa = PBXProject;
			attributes = {
				LastSwiftUpdateCheck = 1200;
				LastUpgradeCheck = 1200;
				TargetAttributes = {
					039813E0266048B100C0E1A0 = {
						CreatedOnToolsVersion = 12.0.1;
					};
					039813F1266048B300C0E1A0 = {
						CreatedOnToolsVersion = 12.0.1;
						TestTargetID = 039813E0266048B100C0E1A0;
					};
					039813FC266048B300C0E1A0 = {
						CreatedOnToolsVersion = 12.0.1;
						TestTargetID = 039813E0266048B100C0E1A0;
					};
				};
			};
			buildConfigurationList = 039813DC266048B100C0E1A0 /* Build configuration list for PBXProject "FRUKTS" */;
			compatibilityVersion = "Xcode 9.3";
			developmentRegion = en;
			hasScannedForEncodings = 0;
			knownRegions = (
				en,
				Base,
			);
			mainGroup = 039813D8266048B100C0E1A0;
			productRefGroup = 039813E2266048B100C0E1A0 /* Products */;
			projectDirPath = "";
			projectRoot = "";
			targets = (
				039813E0266048B100C0E1A0 /* FRUKTS */,
				039813F1266048B300C0E1A0 /* FRUKTSTests */,
				039813FC266048B300C0E1A0 /* FRUKTSUITests */,
			);
		};
/* End PBXProject section */

/* Begin PBXResourcesBuildPhase section */
		039813DF266048B100C0E1A0 /* Resources */ = {
			isa = PBXResourcesBuildPhase;
			buildActionMask = 2147483647;
			files = (
				039813EC266048B300C0E1A0 /* Preview Assets.xcassets in Resources */,
				039813E9266048B300C0E1A0 /* Assets.xcassets in Resources */,
			);
			runOnlyForDeploymentPostprocessing = 0;
		};
		039813F0266048B300C0E1A0 /* Resources */ = {
			isa = PBXResourcesBuildPhase;
			buildActionMask = 2147483647;
			files = (
			);
			runOnlyForDeploymentPostprocessing = 0;
		};
		039813FB266048B300C0E1A0 /* Resources */ = {
			isa = PBXResourcesBuildPhase;
			buildActionMask = 2147483647;
			files = (
			);
			runOnlyForDeploymentPostprocessing = 0;
		};
/* End PBXResourcesBuildPhase section */

/* Begin PBXSourcesBuildPhase section */
		039813DD266048B100C0E1A0 /* Sources */ = {
			isa = PBXSourcesBuildPhase;
			buildActionMask = 2147483647;
			files = (
				039813E7266048B100C0E1A0 /* ContentView.swift in Sources */,
				039813E5266048B100C0E1A0 /* FRUKTSApp.swift in Sources */,
			);
			runOnlyForDeploymentPostprocessing = 0;
		};
		039813EE266048B300C0E1A0 /* Sources */ = {
			isa = PBXSourcesBuildPhase;
			buildActionMask = 2147483647;
			files = (
				039813F7266048B300C0E1A0 /* FRUKTSTests.swift in Sources */,
			);
			runOnlyForDeploymentPostprocessing = 0;
		};
		039813F9266048B300C0E1A0 /* Sources */ = {
			isa = PBXSourcesBuildPhase;
			buildActionMask = 2147483647;
			files = (
				03981402266048B300C0E1A0 /* FRUKTSUITests.swift in Sources */,
			);
			runOnlyForDeploymentPostprocessing = 0;
		};
/* End PBXSourcesBuildPhase section */

/* Begin PBXTargetDependency section */
		039813F4266048B300C0E1A0 /* PBXTargetDependency */ = {
			isa = PBXTargetDependency;
			target = 039813E0266048B100C0E1A0 /* FRUKTS */;
			targetProxy = 039813F3266048B300C0E1A0 /* PBXContainerItemProxy */;
		};
		039813FF266048B300C0E1A0 /* PBXTargetDependency */ = {
			isa = PBXTargetDependency;
			target = 039813E0266048B100C0E1A0 /* FRUKTS */;
			targetProxy = 039813FE266048B300C0E1A0 /* PBXContainerItemProxy */;
		};
/* End PBXTargetDependency section */

/* Begin XCBuildConfiguration section */
		03981404266048B300C0E1A0 /* Debug */ = {
			isa = XCBuildConfiguration;
			buildSettings = {
				ALWAYS_SEARCH_USER_PATHS = NO;
				CLANG_ANALYZER_NONNULL = YES;
				CLANG_ANALYZER_NUMBER_OBJECT_CONVERSION = YES_AGGRESSIVE;
				CLANG_CXX_LANGUAGE_STANDARD = "gnu++14";
				CLANG_CXX_LIBRARY = "libc++";
				CLANG_ENABLE_MODULES = YES;
				CLANG_ENABLE_OBJC_ARC = YES;
				CLANG_ENABLE_OBJC_WEAK = YES;
				CLANG_WARN_BLOCK_CAPTURE_AUTORELEASING = YES;
				CLANG_WARN_BOOL_CONVERSION = YES;
				CLANG_WARN_COMMA = YES;
				CLANG_WARN_CONSTANT_CONVERSION = YES;
				CLANG_WARN_DEPRECATED_OBJC_IMPLEMENTATIONS = YES;
				CLANG_WARN_DIRECT_OBJC_ISA_USAGE = YES_ERROR;
				CLANG_WARN_DOCUMENTATION_COMMENTS = YES;
				CLANG_WARN_EMPTY_BODY = YES;
				CLANG_WARN_ENUM_CONVERSION = YES;
				CLANG_WARN_INFINITE_RECURSION = YES;
				CLANG_WARN_INT_CONVERSION = YES;
				CLANG_WARN_NON_LITERAL_NULL_CONVERSION = YES;
				CLANG_WARN_OBJC_IMPLICIT_RETAIN_SELF = YES;
				CLANG_WARN_OBJC_LITERAL_CONVERSION = YES;
				CLANG_WARN_OBJC_ROOT_CLASS = YES_ERROR;
				CLANG_WARN_QUOTED_INCLUDE_IN_FRAMEWORK_HEADER = YES;
				CLANG_WARN_RANGE_LOOP_ANALYSIS = YES;
				CLANG_WARN_STRICT_PROTOTYPES = YES;
				CLANG_WARN_SUSPICIOUS_MOVE = YES;
				CLANG_WARN_UNGUARDED_AVAILABILITY = YES_AGGRESSIVE;
				CLANG_WARN_UNREACHABLE_CODE = YES;
				CLANG_WARN__DUPLICATE_METHOD_MATCH = YES;
				COPY_PHASE_STRIP = NO;
				DEBUG_INFORMATION_FORMAT = dwarf;
				ENABLE_STRICT_OBJC_MSGSEND = YES;
				ENABLE_TESTABILITY = YES;
				GCC_C_LANGUAGE_STANDARD = gnu11;
				GCC_DYNAMIC_NO_PIC = NO;
				GCC_NO_COMMON_BLOCKS = YES;
				GCC_OPTIMIZATION_LEVEL = 0;
				GCC_PREPROCESSOR_DEFINITIONS = (
					"DEBUG=1",
					"$(inherited)",
				);
				GCC_WARN_64_TO_32_BIT_CONVERSION = YES;
				GCC_WARN_ABOUT_RETURN_TYPE = YES_ERROR;
				GCC_WARN_UNDECLARED_SELECTOR = YES;
				GCC_WARN_UNINITIALIZED_AUTOS = YES_AGGRESSIVE;
				GCC_WARN_UNUSED_FUNCTION = YES;
				GCC_WARN_UNUSED_VARIABLE = YES;
				IPHONEOS_DEPLOYMENT_TARGET = 14.0;
				MTL_ENABLE_DEBUG_INFO = INCLUDE_SOURCE;
				MTL_FAST_MATH = YES;
				ONLY_ACTIVE_ARCH = YES;
				SDKROOT = iphoneos;
				SWIFT_ACTIVE_COMPILATION_CONDITIONS = DEBUG;
				SWIFT_OPTIMIZATION_LEVEL = "-Onone";
			};
			name = Debug;
		};
		03981405266048B300C0E1A0 /* Release */ = {
			isa = XCBuildConfiguration;
			buildSettings = {
				ALWAYS_SEARCH_USER_PATHS = NO;
				CLANG_ANALYZER_NONNULL = YES;
				CLANG_ANALYZER_NUMBER_OBJECT_CONVERSION = YES_AGGRESSIVE;
				CLANG_CXX_LANGUAGE_STANDARD = "gnu++14";
				CLANG_CXX_LIBRARY = "libc++";
				CLANG_ENABLE_MODULES = YES;
				CLANG_ENABLE_OBJC_ARC = YES;
				CLANG_ENABLE_OBJC_WEAK = YES;
				CLANG_WARN_BLOCK_CAPTURE_AUTORELEASING = YES;
				CLANG_WARN_BOOL_CONVERSION = YES;
				CLANG_WARN_COMMA = YES;
				CLANG_WARN_CONSTANT_CONVERSION = YES;
				CLANG_WARN_DEPRECATED_OBJC_IMPLEMENTATIONS = YES;
				CLANG_WARN_DIRECT_OBJC_ISA_USAGE = YES_ERROR;
				CLANG_WARN_DOCUMENTATION_COMMENTS = YES;
				CLANG_WARN_EMPTY_BODY = YES;
				CLANG_WARN_ENUM_CONVERSION = YES;
				CLANG_WARN_INFINITE_RECURSION = YES;
				CLANG_WARN_INT_CONVERSION = YES;
				CLANG_WARN_NON_LITERAL_NULL_CONVERSION = YES;
				CLANG_WARN_OBJC_IMPLICIT_RETAIN_SELF = YES;
				CLANG_WARN_OBJC_LITERAL_CONVERSION = YES;
				CLANG_WARN_OBJC_ROOT_CLASS = YES_ERROR;
				CLANG_WARN_QUOTED_INCLUDE_IN_FRAMEWORK_HEADER = YES;
				CLANG_WARN_RANGE_LOOP_ANALYSIS = YES;
				CLANG_WARN_STRICT_PROTOTYPES = YES;
				CLANG_WARN_SUSPICIOUS_MOVE = YES;
				CLANG_WARN_UNGUARDED_AVAILABILITY = YES_AGGRESSIVE;
				CLANG_WARN_UNREACHABLE_CODE = YES;
				CLANG_WARN__DUPLICATE_METHOD_MATCH = YES;
				COPY_PHASE_STRIP = NO;
				DEBUG_INFORMATION_FORMAT = "dwarf-with-dsym";
				ENABLE_NS_ASSERTIONS = NO;
				ENABLE_STRICT_OBJC_MSGSEND = YES;
				GCC_C_LANGUAGE_STANDARD = gnu11;
				GCC_NO_COMMON_BLOCKS = YES;
				GCC_WARN_64_TO_32_BIT_CONVERSION = YES;
				GCC_WARN_ABOUT_RETURN_TYPE = YES_ERROR;
				GCC_WARN_UNDECLARED_SELECTOR = YES;
				GCC_WARN_UNINITIALIZED_AUTOS = YES_AGGRESSIVE;
				GCC_WARN_UNUSED_FUNCTION = YES;
				GCC_WARN_UNUSED_VARIABLE = YES;
				IPHONEOS_DEPLOYMENT_TARGET = 14.0;
				MTL_ENABLE_DEBUG_INFO = NO;
				MTL_FAST_MATH = YES;
				SDKROOT = iphoneos;
				SWIFT_COMPILATION_MODE = wholemodule;
				SWIFT_OPTIMIZATION_LEVEL = "-O";
				VALIDATE_PRODUCT = YES;
			};
			name = Release;
		};
		03981407266048B300C0E1A0 /* Debug */ = {
			isa = XCBuildConfiguration;
			buildSettings = {
				ASSETCATALOG_COMPILER_APPICON_NAME = AppIcon;
				ASSETCATALOG_COMPILER_GLOBAL_ACCENT_COLOR_NAME = AccentColor;
				CODE_SIGN_STYLE = Automatic;
				DEVELOPMENT_ASSET_PATHS = "\"FRUKTS/Preview Content\"";
				ENABLE_PREVIEWS = YES;
				INFOPLIST_FILE = FRUKTS/Info.plist;
				IPHONEOS_DEPLOYMENT_TARGET = 14.0;
				LD_RUNPATH_SEARCH_PATHS = (
					"$(inherited)",
					"@executable_path/Frameworks",
				);
				PRODUCT_BUNDLE_IDENTIFIER = brianfedelin.FRUKTS;
				PRODUCT_NAME = "$(TARGET_NAME)";
				SWIFT_VERSION = 5.0;
				TARGETED_DEVICE_FAMILY = "1,2";
			};
			name = Debug;
		};
		03981408266048B300C0E1A0 /* Release */ = {
			isa = XCBuildConfiguration;
			buildSettings = {
				ASSETCATALOG_COMPILER_APPICON_NAME = AppIcon;
				ASSETCATALOG_COMPILER_GLOBAL_ACCENT_COLOR_NAME = AccentColor;
				CODE_SIGN_STYLE = Automatic;
				DEVELOPMENT_ASSET_PATHS = "\"FRUKTS/Preview Content\"";
				ENABLE_PREVIEWS = YES;
				INFOPLIST_FILE = FRUKTS/Info.plist;
				IPHONEOS_DEPLOYMENT_TARGET = 14.0;
				LD_RUNPATH_SEARCH_PATHS = (
					"$(inherited)",
					"@executable_path/Frameworks",
				);
				PRODUCT_BUNDLE_IDENTIFIER = brianfedelin.FRUKTS;
				PRODUCT_NAME = "$(TARGET_NAME)";
				SWIFT_VERSION = 5.0;
				TARGETED_DEVICE_FAMILY = "1,2";
			};
			name = Release;
		};
		0398140A266048B300C0E1A0 /* Debug */ = {
			isa = XCBuildConfiguration;
			buildSettings = {
				ALWAYS_EMBED_SWIFT_STANDARD_LIBRARIES = YES;
				BUNDLE_LOADER = "$(TEST_HOST)";
				CODE_SIGN_STYLE = Automatic;
				INFOPLIST_FILE = FRUKTSTests/Info.plist;
				IPHONEOS_DEPLOYMENT_TARGET = 14.0;
				LD_RUNPATH_SEARCH_PATHS = (
					"$(inherited)",
					"@executable_path/Frameworks",
					"@loader_path/Frameworks",
				);
				PRODUCT_BUNDLE_IDENTIFIER = brianfedelin.FRUKTSTests;
				PRODUCT_NAME = "$(TARGET_NAME)";
				SWIFT_VERSION = 5.0;
				TARGETED_DEVICE_FAMILY = "1,2";
				TEST_HOST = "$(BUILT_PRODUCTS_DIR)/FRUKTS.app/FRUKTS";
			};
			name = Debug;
		};
		0398140B266048B300C0E1A0 /* Release */ = {
			isa = XCBuildConfiguration;
			buildSettings = {
				ALWAYS_EMBED_SWIFT_STANDARD_LIBRARIES = YES;
				BUNDLE_LOADER = "$(TEST_HOST)";
				CODE_SIGN_STYLE = Automatic;
				INFOPLIST_FILE = FRUKTSTests/Info.plist;
				IPHONEOS_DEPLOYMENT_TARGET = 14.0;
				LD_RUNPATH_SEARCH_PATHS = (
					"$(inherited)",
					"@executable_path/Frameworks",
					"@loader_path/Frameworks",
				);
				PRODUCT_BUNDLE_IDENTIFIER = brianfedelin.FRUKTSTests;
				PRODUCT_NAME = "$(TARGET_NAME)";
				SWIFT_VERSION = 5.0;
				TARGETED_DEVICE_FAMILY = "1,2";
				TEST_HOST = "$(BUILT_PRODUCTS_DIR)/FRUKTS.app/FRUKTS";
			};
			name = Release;
		};
		0398140D266048B300C0E1A0 /* Debug */ = {
			isa = XCBuildConfiguration;
			buildSettings = {
				ALWAYS_EMBED_SWIFT_STANDARD_LIBRARIES = YES;
				CODE_SIGN_STYLE = Automatic;
				INFOPLIST_FILE = FRUKTSUITests/Info.plist;
				LD_RUNPATH_SEARCH_PATHS = (
					"$(inherited)",
					"@executable_path/Frameworks",
					"@loader_path/Frameworks",
				);
				PRODUCT_BUNDLE_IDENTIFIER = brianfedelin.FRUKTSUITests;
				PRODUCT_NAME = "$(TARGET_NAME)";
				SWIFT_VERSION = 5.0;
				TARGETED_DEVICE_FAMILY = "1,2";
				TEST_TARGET_NAME = FRUKTS;
			};
			name = Debug;
		};
		0398140E266048B300C0E1A0 /* Release */ = {
			isa = XCBuildConfiguration;
			buildSettings = {
				ALWAYS_EMBED_SWIFT_STANDARD_LIBRARIES = YES;
				CODE_SIGN_STYLE = Automatic;
				INFOPLIST_FILE = FRUKTSUITests/Info.plist;
				LD_RUNPATH_SEARCH_PATHS = (
					"$(inherited)",
					"@executable_path/Frameworks",
					"@loader_path/Frameworks",
				);
				PRODUCT_BUNDLE_IDENTIFIER = brianfedelin.FRUKTSUITests;
				PRODUCT_NAME = "$(TARGET_NAME)";
				SWIFT_VERSION = 5.0;
				TARGETED_DEVICE_FAMILY = "1,2";
				TEST_TARGET_NAME = FRUKTS;
			};
			name = Release;
		};
/* End XCBuildConfiguration section */

/* Begin XCConfigurationList section */
		039813DC266048B100C0E1A0 /* Build configuration list for PBXProject "FRUKTS" */ = {
			isa = XCConfigurationList;
			buildConfigurations = (
				03981404266048B300C0E1A0 /* Debug */,
				03981405266048B300C0E1A0 /* Release */,
			);
			defaultConfigurationIsVisible = 0;
			defaultConfigurationName = Release;
		};
		03981406266048B300C0E1A0 /* Build configuration list for PBXNativeTarget "FRUKTS" */ = {
			isa = XCConfigurationList;
			buildConfigurations = (
				03981407266048B300C0E1A0 /* Debug */,
				03981408266048B300C0E1A0 /* Release */,
			);
			defaultConfigurationIsVisible = 0;
			defaultConfigurationName = Release;
		};
		03981409266048B300C0E1A0 /* Build configuration list for PBXNativeTarget "FRUKTSTests" */ = {
			isa = XCConfigurationList;
			buildConfigurations = (
				0398140A266048B300C0E1A0 /* Debug */,
				0398140B266048B300C0E1A0 /* Release */,
			);
			defaultConfigurationIsVisible = 0;
			defaultConfigurationName = Release;
		};
		0398140C266048B300C0E1A0 /* Build configuration list for PBXNativeTarget "FRUKTSUITests" */ = {
			isa = XCConfigurationList;
			buildConfigurations = (
				0398140D266048B300C0E1A0 /* Debug */,
				0398140E266048B300C0E1A0 /* Release */,
			);
			defaultConfigurationIsVisible = 0;
			defaultConfigurationName = Release;
		};
/* End XCConfigurationList section */
	};
	rootObject = 039813D9266048B100C0E1A0 /* Project object */;
}
